
Microsoft Visual Studio Solution File, Format Version 12.00
Project("{FAE04EC0-301F-11D3-BF4B-00C04F79EFBC}") = "DotreApi", "DotreApi\DotreApi.csproj", "{734C356F-6F45-40E2-9D9B-93714A8C1E9F}"
EndProject
Global
	GlobalSection(SolutionConfigurationPlatforms) = preSolution
		Debug|Any CPU = Debug|Any CPU
		Release|Any CPU = Release|Any CPU
	EndGlobalSection
	GlobalSection(ProjectConfigurationPlatforms) = postSolution
		{734C356F-6F45-40E2-9D9B-93714A8C1E9F}.Debug|Any CPU.ActiveCfg = Debug|Any CPU
		{734C356F-6F45-40E2-9D9B-93714A8C1E9F}.Debug|Any CPU.Build.0 = Debug|Any CPU
		{734C356F-6F45-40E2-9D9B-93714A8C1E9F}.Release|Any CPU.ActiveCfg = Release|Any CPU
		{734C356F-6F45-40E2-9D9B-93714A8C1E9F}.Release|Any CPU.Build.0 = Release|Any CPU
	EndGlobalSection
EndGlobal
